
Microsoft Visual Studio Solution File, Format Version 12.00
# Visual Studio Version 16
VisualStudioVersion = 16.0.29424.173
MinimumVisualStudioVersion = 10.0.40219.1
Project("{FAE04EC0-301F-11D3-BF4B-00C04F79EFBC}") = "Calculadora VLSM(Redes de Computadores)", "Calculadora VLSM(Redes de Computadores).csproj", "{4BCED93A-06D9-4337-B1D5-4D5163580AC8}"
EndProject
Global
	GlobalSection(SolutionConfigurationPlatforms) = preSolution
		Debug|Any CPU = Debug|Any CPU
		Release|Any CPU = Release|Any CPU
	EndGlobalSection
	GlobalSection(ProjectConfigurationPlatforms) = postSolution
		{4BCED93A-06D9-4337-B1D5-4D5163580AC8}.Debug|Any CPU.ActiveCfg = Debug|Any CPU
		{4BCED93A-06D9-4337-B1D5-4D5163580AC8}.Debug|Any CPU.Build.0 = Debug|Any CPU
		{4BCED93A-06D9-4337-B1D5-4D5163580AC8}.Release|Any CPU.ActiveCfg = Release|Any CPU
		{4BCED93A-06D9-4337-B1D5-4D5163580AC8}.Release|Any CPU.Build.0 = Release|Any CPU
	EndGlobalSection
	GlobalSection(SolutionProperties) = preSolution
		HideSolutionNode = FALSE
	EndGlobalSection
	GlobalSection(ExtensibilityGlobals) = postSolution
		SolutionGuid = {104FBDDA-62D8-439F-BBFF-2D91E15ED043}
	EndGlobalSection
EndGlobal
